<?xml version="1.0" encoding="utf-8"?>
<Project ToolsVersion="4.0" xmlns="http://schemas.microsoft.com/developer/msbuild/2003">
  <ItemGroup>
    <Filter Include="Source Files">
      <UniqueIdentifier>{4FC737F1-C7A5-4376-A066-2A32D752A2FF}</UniqueIdentifier>
      <Extensions>cpp;c;cc;cxx;def;odl;idl;hpj;bat;asm;asmx</Extensions>
    </Filter>
    <Filter Include="Header Files">
      <UniqueIdentifier>{93995380-89BD-4b04-88EB-625FBE52EBFB}</UniqueIdentifier>
      <Extensions>h;hpp;hxx;hm;inl;inc;xsd</Extensions>
    </Filter>
    <Filter Include="Resource Files">
      <UniqueIdentifier>{67DA6AB6-F800-4c08-8B7A-83BB121AAD01}</UniqueIdentifier>
      <Extensions>rc;ico;cur;bmp;dlg;rc2;rct;bin;rgs;gif;jpg;jpeg;jpe;resx;tiff;tif;png;wav;mfcribbon-ms</Extensions>
    </Filter>
    <Filter Include="Header Files\Entity">
      <UniqueIdentifier>{b1ce35f6-2ac3-4965-aeb7-704935588b37}</UniqueIdentifier>
    </Filter>
    <Filter Include="Source Files\Entity">
      <UniqueIdentifier>{3324be5d-9daa-44d8-814e-b6a6c437fe13}</UniqueIdentifier>
    </Filter>
    <Filter Include="Header Files\menu">
      <UniqueIdentifier>{11c69677-35b9-4aaf-8c5d-f2248bd4def9}</UniqueIdentifier>
    </Filter>
    <Filter Include="Header Files\state">
      <UniqueIdentifier>{2eb24763-2450-4037-9726-4ef22019e62c}</UniqueIdentifier>
    </Filter>
    <Filter Include="Source Files\menu">
      <UniqueIdentifier>{c53a5c78-b725-4752-8b4b-5f95b4e6ed97}</UniqueIdentifier>
    </Filter>
    <Filter Include="Source Files\state">
      <UniqueIdentifier>{943b7e7c-9250-465a-99db-57090460561c}</UniqueIdentifier>
    </Filter>
    <Filter Include="Source Files\Managers">
      <UniqueIdentifier>{18e48a2a-bab9-407a-b261-5ab1c2a88ad0}</UniqueIdentifier>
    </Filter>
    <Filter Include="Source Files\Libraries">
      <UniqueIdentifier>{56fd5fd0-0806-4652-ba20-05192eba2f4a}</UniqueIdentifier>
    </Filter>
    <Filter Include="Source Files\Libraries\Tmx">
      <UniqueIdentifier>{26143a5b-0f98-4ad1-af9f-d22cd119c049}</UniqueIdentifier>
    </Filter>
    <Filter Include="Source Files\Libraries\Zlib">
      <UniqueIdentifier>{5f48419d-7265-47bf-849e-3086cb01223e}</UniqueIdentifier>
    </Filter>
    <Filter Include="Source Files\Libraries\Pugi">
      <UniqueIdentifier>{78b51e09-91dc-4000-9d9b-9a601d7dac8a}</UniqueIdentifier>
    </Filter>
    <Filter Include="Header Files\Libraries">
      <UniqueIdentifier>{9dc6196e-c995-4ca7-9e72-be0cd727335c}</UniqueIdentifier>
    </Filter>
    <Filter Include="Header Files\Libraries\Pugi">
      <UniqueIdentifier>{0d2560cb-41f7-4084-9752-e3f65e09dc58}</UniqueIdentifier>
    </Filter>
    <Filter Include="Header Files\Libraries\Tmx">
      <UniqueIdentifier>{ee1164e6-fe4d-41fe-9a96-d8854e81303f}</UniqueIdentifier>
    </Filter>
    <Filter Include="Header Files\Libraries\Zlib">
      <UniqueIdentifier>{c72349d7-1c3e-4d06-8abd-81444c4181fb}</UniqueIdentifier>
    </Filter>
    <Filter Include="Header Files\Managers">
      <UniqueIdentifier>{9445e3d7-0676-4483-9d17-a2d54887419d}</UniqueIdentifier>
    </Filter>
  </ItemGroup>
  <ItemGroup>
    <ClCompile Include="Main.cpp">
      <Filter>Source Files</Filter>
    </ClCompile>
    <ClCompile Include="Game.cpp">
      <Filter>Source Files</Filter>
    </ClCompile>
    <ClCompile Include="MenuScreen.cpp">
      <Filter>Source Files\menu</Filter>
    </ClCompile>
    <ClCompile Include="Entity.cpp">
      <Filter>Source Files\Entity</Filter>
    </ClCompile>
    <ClCompile Include="Object.cpp">
      <Filter>Source Files\Entity</Filter>
    </ClCompile>
    <ClCompile Include="EntityLiving.cpp">
      <Filter>Source Files\Entity</Filter>
    </ClCompile>
    <ClCompile Include="Player.cpp">
      <Filter>Source Files\Entity</Filter>
    </ClCompile>
    <ClCompile Include="Button.cpp">
      <Filter>Source Files\menu</Filter>
    </ClCompile>
    <ClCompile Include="ControlMapping.cpp">
      <Filter>Source Files</Filter>
    </ClCompile>
    <ClCompile Include="Libraries\SFML TmxLoader\src\MapLoaderPrivate.cpp">
      <Filter>Source Files\Libraries\Tmx</Filter>
    </ClCompile>
    <ClCompile Include="Libraries\SFML TmxLoader\src\MapLoaderPublic.cpp">
      <Filter>Source Files\Libraries\Tmx</Filter>
    </ClCompile>
    <ClCompile Include="Libraries\SFML TmxLoader\src\DebugShape.cpp">
      <Filter>Source Files\Libraries\Tmx</Filter>
    </ClCompile>
    <ClCompile Include="Libraries\SFML TmxLoader\src\MapObject.cpp">
      <Filter>Source Files\Libraries\Tmx</Filter>
    </ClCompile>
    <ClCompile Include="Libraries\SFML TmxLoader\src\QuadTreeNode.cpp">
      <Filter>Source Files\Libraries\Tmx</Filter>
    </ClCompile>
    <ClCompile Include="Libraries\SFML TmxLoader\src\pugixml\pugixml.cpp">
      <Filter>Source Files\Libraries\Pugi</Filter>
    </ClCompile>
    <ClCompile Include="Libraries\SFML TmxLoader\src\MapLayer.cpp">
      <Filter>Source Files\Libraries\Tmx</Filter>
    </ClCompile>
    <ClCompile Include="LevelManager.cpp">
      <Filter>Source Files\Managers</Filter>
    </ClCompile>
    <ClCompile Include="Entity.cpp">
      <Filter>Source Files\Entity</Filter>
    </ClCompile>
    <ClCompile Include="BoxWorld.cpp">
      <Filter>Source Files</Filter>
    </ClCompile>
    <ClCompile Include="debugdraw.cpp">
      <Filter>Source Files</Filter>
    </ClCompile>
    <ClCompile Include="Libraries\SFML TmxLoader\src\tmx2box2d.cpp">
      <Filter>Source Files\Libraries\Tmx</Filter>
    </ClCompile>
    <ClCompile Include="Animation.cpp">
      <Filter>Source Files</Filter>
    </ClCompile>
    <ClCompile Include="SpriteSheet.cpp">
      <Filter>Source Files</Filter>
    </ClCompile>
    <ClCompile Include="AnimatedSprite.cpp">
      <Filter>Source Files</Filter>
    </ClCompile>
    <ClCompile Include="VecConverter.cpp">
      <Filter>Source Files</Filter>
    </ClCompile>
  </ItemGroup>
  <ItemGroup>
    <ClInclude Include="Game.h">
      <Filter>Header Files</Filter>
    </ClInclude>
    <ClInclude Include="MenuScreen.h">
      <Filter>Header Files\menu</Filter>
    </ClInclude>
    <ClInclude Include="Game.h">
      <Filter>Header Files</Filter>
    </ClInclude>
    <ClInclude Include="Controls.h">
      <Filter>Header Files</Filter>
    </ClInclude>
    <ClInclude Include="Button.h">
      <Filter>Header Files\menu</Filter>
    </ClInclude>
    <ClInclude Include="ControlMapping.h">
      <Filter>Header Files</Filter>
    </ClInclude>
    <ClInclude Include="Player.h">
      <Filter>Header Files\Entity</Filter>
    </ClInclude>
    <ClInclude Include="Libraries\SFML TmxLoader\include\tmx\MapLoader.h">
      <Filter>Header Files\Libraries\Tmx</Filter>
    </ClInclude>
    <ClInclude Include="Libraries\SFML TmxLoader\include\tmx\MapLayer.h">
      <Filter>Header Files\Libraries\Tmx</Filter>
    </ClInclude>
    <ClInclude Include="Libraries\SFML TmxLoader\include\tmx\MapObject.h">
      <Filter>Header Files\Libraries\Tmx</Filter>
    </ClInclude>
    <ClInclude Include="Libraries\SFML TmxLoader\include\tmx\QuadTreeNode.h">
      <Filter>Header Files\Libraries\Tmx</Filter>
    </ClInclude>
    <ClInclude Include="Libraries\SFML TmxLoader\include\pugixml\pugiconfig.hpp">
      <Filter>Header Files\Libraries\Pugi</Filter>
    </ClInclude>
    <ClInclude Include="Libraries\SFML TmxLoader\include\pugixml\pugixml.hpp">
      <Filter>Header Files\Libraries\Pugi</Filter>
    </ClInclude>
    <ClInclude Include="Libraries\SFML TmxLoader\lib\zlib\include\zconf.h">
      <Filter>Header Files\Libraries\Zlib</Filter>
    </ClInclude>
    <ClInclude Include="Libraries\SFML TmxLoader\lib\zlib\include\zlib.h">
      <Filter>Header Files\Libraries\Zlib</Filter>
    </ClInclude>
    <ClInclude Include="LevelManager.h">
      <Filter>Header Files\Managers</Filter>
    </ClInclude>
    <ClInclude Include="State.h">
      <Filter>Header Files\state</Filter>
    </ClInclude>
    <ClInclude Include="EntityLiving.h">
      <Filter>Header Files\Entity</Filter>
    </ClInclude>
    <ClInclude Include="Entity.h">
      <Filter>Header Files\Entity</Filter>
    </ClInclude>
    <ClInclude Include="Object.h">
      <Filter>Header Files\Entity</Filter>
    </ClInclude>
    <ClInclude Include="Libraries\SFML TmxLoader\include\DebugShape.h">
      <Filter>Header Files\Libraries</Filter>
    </ClInclude>
    <ClInclude Include="Libraries\SFML TmxLoader\include\Helpers.h">
      <Filter>Header Files\Libraries</Filter>
    </ClInclude>
    <ClInclude Include="BoxWorld.h">
      <Filter>Header Files</Filter>
    </ClInclude>
    <ClInclude Include="debugdraw.h">
      <Filter>Header Files</Filter>
    </ClInclude>
    <ClInclude Include="Libraries\SFML TmxLoader\include\tmx\tmx2box2d.h">
      <Filter>Header Files\Libraries\Tmx</Filter>
    </ClInclude>
    <ClInclude Include="SpriteSheet.h">
      <Filter>Header Files</Filter>
    </ClInclude>
    <ClInclude Include="AnimatedSprite.h">
      <Filter>Header Files</Filter>
    </ClInclude>
    <ClInclude Include="Animation.h">
      <Filter>Header Files</Filter>
    </ClInclude>
    <ClInclude Include="VecConverter.h">
      <Filter>Header Files</Filter>
    </ClInclude>
  </ItemGroup>
  <ItemGroup>
    <None Include="Libraries\SFML TmxLoader\lib\zlib\lib\zlib.def">
      <Filter>Source Files\Libraries\Zlib</Filter>
    </None>
  </ItemGroup>
</Project>