<?xml version="1.0" encoding="utf-8"?>
<Project ToolsVersion="4.0" xmlns="http://schemas.microsoft.com/developer/msbuild/2003">
  <ItemGroup>
    <Filter Include="Source Files">
      <UniqueIdentifier>{4FC737F1-C7A5-4376-A066-2A32D752A2FF}</UniqueIdentifier>
      <Extensions>cpp;c;cc;cxx;def;odl;idl;hpj;bat;asm;asmx</Extensions>
    </Filter>
    <Filter Include="Header Files">
      <UniqueIdentifier>{93995380-89BD-4b04-88EB-625FBE52EBFB}</UniqueIdentifier>
      <Extensions>h;hpp;hxx;hm;inl;inc;xsd</Extensions>
    </Filter>
    <Filter Include="Resource Files">
      <UniqueIdentifier>{67DA6AB6-F800-4c08-8B7A-83BB121AAD01}</UniqueIdentifier>
      <Extensions>rc;ico;cur;bmp;dlg;rc2;rct;bin;rgs;gif;jpg;jpeg;jpe;resx;tiff;tif;png;wav;mfcribbon-ms</Extensions>
    </Filter>
    <Filter Include="Header Files\Entity">
      <UniqueIdentifier>{b1ce35f6-2ac3-4965-aeb7-704935588b37}</UniqueIdentifier>
    </Filter>
    <Filter Include="Source Files\Entity">
      <UniqueIdentifier>{3324be5d-9daa-44d8-814e-b6a6c437fe13}</UniqueIdentifier>
    </Filter>
    <Filter Include="Source Files\Managers">
      <UniqueIdentifier>{18e48a2a-bab9-407a-b261-5ab1c2a88ad0}</UniqueIdentifier>
    </Filter>
    <Filter Include="Source Files\Libraries">
      <UniqueIdentifier>{56fd5fd0-0806-4652-ba20-05192eba2f4a}</UniqueIdentifier>
    </Filter>
    <Filter Include="Source Files\Libraries\Tmx">
      <UniqueIdentifier>{26143a5b-0f98-4ad1-af9f-d22cd119c049}</UniqueIdentifier>
    </Filter>
    <Filter Include="Source Files\Libraries\Zlib">
      <UniqueIdentifier>{5f48419d-7265-47bf-849e-3086cb01223e}</UniqueIdentifier>
    </Filter>
    <Filter Include="Source Files\Libraries\Pugi">
      <UniqueIdentifier>{78b51e09-91dc-4000-9d9b-9a601d7dac8a}</UniqueIdentifier>
    </Filter>
    <Filter Include="Header Files\Libraries">
      <UniqueIdentifier>{9dc6196e-c995-4ca7-9e72-be0cd727335c}</UniqueIdentifier>
    </Filter>
    <Filter Include="Header Files\Libraries\Pugi">
      <UniqueIdentifier>{0d2560cb-41f7-4084-9752-e3f65e09dc58}</UniqueIdentifier>
    </Filter>
    <Filter Include="Header Files\Libraries\Tmx">
      <UniqueIdentifier>{ee1164e6-fe4d-41fe-9a96-d8854e81303f}</UniqueIdentifier>
    </Filter>
    <Filter Include="Header Files\Libraries\Zlib">
      <UniqueIdentifier>{c72349d7-1c3e-4d06-8abd-81444c4181fb}</UniqueIdentifier>
    </Filter>
    <Filter Include="Header Files\Managers">
      <UniqueIdentifier>{9445e3d7-0676-4483-9d17-a2d54887419d}</UniqueIdentifier>
    </Filter>
    <Filter Include="Header Files\Box2D">
      <UniqueIdentifier>{87e76bac-42f0-43ca-84c5-b4ea2a4db6fb}</UniqueIdentifier>
    </Filter>
    <Filter Include="Source Files\Box2D">
      <UniqueIdentifier>{2892aeee-dd2c-46b9-8a4f-bf1bf06b00cd}</UniqueIdentifier>
    </Filter>
    <Filter Include="Resource Files\shaders">
      <UniqueIdentifier>{334801f9-eb16-4350-83ca-d34264645594}</UniqueIdentifier>
    </Filter>
    <Filter Include="Source Files\Overlay">
      <UniqueIdentifier>{c53a5c78-b725-4752-8b4b-5f95b4e6ed97}</UniqueIdentifier>
    </Filter>
    <Filter Include="Header Files\Overlay">
      <UniqueIdentifier>{11c69677-35b9-4aaf-8c5d-f2248bd4def9}</UniqueIdentifier>
    </Filter>
    <Filter Include="Header Files\State">
      <UniqueIdentifier>{2eb24763-2450-4037-9726-4ef22019e62c}</UniqueIdentifier>
    </Filter>
    <Filter Include="Source Files\State">
      <UniqueIdentifier>{943b7e7c-9250-465a-99db-57090460561c}</UniqueIdentifier>
    </Filter>
    <Filter Include="Header Files\Overlay\Menu">
      <UniqueIdentifier>{be454850-a5aa-4e2f-9948-a2f601e7df5c}</UniqueIdentifier>
    </Filter>
    <Filter Include="Source Files\Overlay\Menu">
      <UniqueIdentifier>{ceb16464-39a5-40b9-8690-75196707ec58}</UniqueIdentifier>
    </Filter>
    <Filter Include="Source Files\Animation">
      <UniqueIdentifier>{7bfbd848-1eaa-4919-ac4c-f388dc1876bd}</UniqueIdentifier>
    </Filter>
    <Filter Include="Header Files\Animation">
      <UniqueIdentifier>{55d0cc4b-5ca8-4074-8695-7812840bc577}</UniqueIdentifier>
    </Filter>
  </ItemGroup>
  <ItemGroup>
    <ClCompile Include="Main.cpp">
      <Filter>Source Files</Filter>
    </ClCompile>
    <ClCompile Include="Game.cpp">
      <Filter>Source Files</Filter>
    </ClCompile>
    <ClCompile Include="Entity.cpp">
      <Filter>Source Files\Entity</Filter>
    </ClCompile>
    <ClCompile Include="Object.cpp">
      <Filter>Source Files\Entity</Filter>
    </ClCompile>
    <ClCompile Include="EntityLiving.cpp">
      <Filter>Source Files\Entity</Filter>
    </ClCompile>
    <ClCompile Include="Player.cpp">
      <Filter>Source Files\Entity</Filter>
    </ClCompile>
    <ClCompile Include="ControlMapping.cpp">
      <Filter>Source Files</Filter>
    </ClCompile>
    <ClCompile Include="Libraries\SFML TmxLoader\src\MapLoaderPrivate.cpp">
      <Filter>Source Files\Libraries\Tmx</Filter>
    </ClCompile>
    <ClCompile Include="Libraries\SFML TmxLoader\src\MapLoaderPublic.cpp">
      <Filter>Source Files\Libraries\Tmx</Filter>
    </ClCompile>
    <ClCompile Include="Libraries\SFML TmxLoader\src\DebugShape.cpp">
      <Filter>Source Files\Libraries\Tmx</Filter>
    </ClCompile>
    <ClCompile Include="Libraries\SFML TmxLoader\src\MapObject.cpp">
      <Filter>Source Files\Libraries\Tmx</Filter>
    </ClCompile>
    <ClCompile Include="Libraries\SFML TmxLoader\src\QuadTreeNode.cpp">
      <Filter>Source Files\Libraries\Tmx</Filter>
    </ClCompile>
    <ClCompile Include="Libraries\SFML TmxLoader\src\pugixml\pugixml.cpp">
      <Filter>Source Files\Libraries\Pugi</Filter>
    </ClCompile>
    <ClCompile Include="Libraries\SFML TmxLoader\src\MapLayer.cpp">
      <Filter>Source Files\Libraries\Tmx</Filter>
    </ClCompile>
    <ClCompile Include="LevelManager.cpp">
      <Filter>Source Files\Managers</Filter>
    </ClCompile>
    <ClCompile Include="Entity.cpp">
      <Filter>Source Files\Entity</Filter>
    </ClCompile>
    <ClCompile Include="Libraries\SFML TmxLoader\src\tmx2box2d.cpp">
      <Filter>Source Files\Libraries\Tmx</Filter>
    </ClCompile>
    <ClCompile Include="PlatformState.cpp">
      <Filter>Source Files\State</Filter>
    </ClCompile>
    <ClCompile Include="LoadingState.cpp">
      <Filter>Source Files\State</Filter>
    </ClCompile>
    <ClCompile Include="LogoState.cpp">
      <Filter>Source Files\State</Filter>
    </ClCompile>
    <ClCompile Include="WaitState.cpp">
      <Filter>Source Files\State</Filter>
    </ClCompile>
    <ClCompile Include="ResourceCollection.cpp">
      <Filter>Source Files</Filter>
    </ClCompile>
    <ClCompile Include="BoxWorld.cpp">
      <Filter>Source Files\Box2D</Filter>
    </ClCompile>
    <ClCompile Include="VecConverter.cpp">
      <Filter>Source Files\Box2D</Filter>
    </ClCompile>
    <ClCompile Include="debugdraw.cpp">
      <Filter>Source Files\Box2D</Filter>
    </ClCompile>
    <ClCompile Include="CallBack.cpp">
      <Filter>Source Files\Box2D</Filter>
    </ClCompile>
    <ClCompile Include="JumpingTest.cpp">
      <Filter>Source Files\State</Filter>
    </ClCompile>
    <ClCompile Include="Camera.cpp">
      <Filter>Source Files</Filter>
    </ClCompile>
    <ClCompile Include="Shade.cpp">
      <Filter>Source Files\Entity</Filter>
    </ClCompile>
    <ClCompile Include="MainMenuState.cpp">
      <Filter>Source Files\State</Filter>
    </ClCompile>
    <ClCompile Include="State.cpp">
      <Filter>Source Files\State</Filter>
    </ClCompile>
    <ClCompile Include="Overlay.cpp">
      <Filter>Source Files\Overlay</Filter>
    </ClCompile>
    <ClCompile Include="PuzzleState.cpp">
      <Filter>Source Files\State</Filter>
    </ClCompile>
    <ClCompile Include="MainMenu.cpp">
      <Filter>Source Files\Overlay\Menu</Filter>
    </ClCompile>
    <ClCompile Include="Menu.cpp">
      <Filter>Source Files\Overlay\Menu</Filter>
    </ClCompile>
    <ClCompile Include="AnimatedBackgroundImage.cpp">
      <Filter>Source Files\Animation</Filter>
    </ClCompile>
    <ClCompile Include="AnimatedSprite.cpp">
      <Filter>Source Files\Animation</Filter>
    </ClCompile>
    <ClCompile Include="Animation.cpp">
      <Filter>Source Files\Animation</Filter>
    </ClCompile>
    <ClCompile Include="SpriteSheet.cpp">
      <Filter>Source Files\Animation</Filter>
    </ClCompile>
    <ClCompile Include="PuzzleRing.cpp">
      <Filter>Source Files</Filter>
    </ClCompile>
    <ClCompile Include="Button.cpp">
      <Filter>Source Files\Overlay\Menu</Filter>
    </ClCompile>
    <ClCompile Include="DialogueOverlay.cpp">
      <Filter>Source Files\Overlay</Filter>
    </ClCompile>
    <ClCompile Include="ShaderTestState.cpp">
      <Filter>Source Files\State</Filter>
    </ClCompile>
    <ClCompile Include="LightSource.cpp">
      <Filter>Source Files</Filter>
    </ClCompile>
    <ClCompile Include="LightSolver.cpp">
      <Filter>Source Files</Filter>
    </ClCompile>
  </ItemGroup>
  <ItemGroup>
    <ClInclude Include="Game.h">
      <Filter>Header Files</Filter>
    </ClInclude>
    <ClInclude Include="Game.h">
      <Filter>Header Files</Filter>
    </ClInclude>
    <ClInclude Include="Controls.h">
      <Filter>Header Files</Filter>
    </ClInclude>
    <ClInclude Include="ControlMapping.h">
      <Filter>Header Files</Filter>
    </ClInclude>
    <ClInclude Include="Player.h">
      <Filter>Header Files\Entity</Filter>
    </ClInclude>
    <ClInclude Include="Libraries\SFML TmxLoader\include\tmx\MapLoader.h">
      <Filter>Header Files\Libraries\Tmx</Filter>
    </ClInclude>
    <ClInclude Include="Libraries\SFML TmxLoader\include\tmx\MapLayer.h">
      <Filter>Header Files\Libraries\Tmx</Filter>
    </ClInclude>
    <ClInclude Include="Libraries\SFML TmxLoader\include\tmx\MapObject.h">
      <Filter>Header Files\Libraries\Tmx</Filter>
    </ClInclude>
    <ClInclude Include="Libraries\SFML TmxLoader\include\tmx\QuadTreeNode.h">
      <Filter>Header Files\Libraries\Tmx</Filter>
    </ClInclude>
    <ClInclude Include="Libraries\SFML TmxLoader\include\pugixml\pugiconfig.hpp">
      <Filter>Header Files\Libraries\Pugi</Filter>
    </ClInclude>
    <ClInclude Include="Libraries\SFML TmxLoader\include\pugixml\pugixml.hpp">
      <Filter>Header Files\Libraries\Pugi</Filter>
    </ClInclude>
    <ClInclude Include="Libraries\SFML TmxLoader\lib\zlib\include\zconf.h">
      <Filter>Header Files\Libraries\Zlib</Filter>
    </ClInclude>
    <ClInclude Include="Libraries\SFML TmxLoader\lib\zlib\include\zlib.h">
      <Filter>Header Files\Libraries\Zlib</Filter>
    </ClInclude>
    <ClInclude Include="LevelManager.h">
      <Filter>Header Files\Managers</Filter>
    </ClInclude>
    <ClInclude Include="State.h">
      <Filter>Header Files\State</Filter>
    </ClInclude>
    <ClInclude Include="EntityLiving.h">
      <Filter>Header Files\Entity</Filter>
    </ClInclude>
    <ClInclude Include="Entity.h">
      <Filter>Header Files\Entity</Filter>
    </ClInclude>
    <ClInclude Include="Object.h">
      <Filter>Header Files\Entity</Filter>
    </ClInclude>
    <ClInclude Include="Libraries\SFML TmxLoader\include\DebugShape.h">
      <Filter>Header Files\Libraries</Filter>
    </ClInclude>
    <ClInclude Include="Libraries\SFML TmxLoader\include\Helpers.h">
      <Filter>Header Files\Libraries</Filter>
    </ClInclude>
    <ClInclude Include="Libraries\SFML TmxLoader\include\tmx\tmx2box2d.h">
      <Filter>Header Files\Libraries\Tmx</Filter>
    </ClInclude>
    <ClInclude Include="PlatformState.h">
      <Filter>Header Files\State</Filter>
    </ClInclude>
    <ClInclude Include="LoadingState.h">
      <Filter>Header Files\State</Filter>
    </ClInclude>
    <ClInclude Include="LogoState.h">
      <Filter>Header Files\State</Filter>
    </ClInclude>
    <ClInclude Include="WaitState.h">
      <Filter>Header Files\State</Filter>
    </ClInclude>
    <ClInclude Include="ResourceCollection.h">
      <Filter>Header Files</Filter>
    </ClInclude>
    <ClInclude Include="BoxWorld.h">
      <Filter>Header Files\Box2D</Filter>
    </ClInclude>
    <ClInclude Include="debugdraw.h">
      <Filter>Header Files\Box2D</Filter>
    </ClInclude>
    <ClInclude Include="VecConverter.h">
      <Filter>Header Files\Box2D</Filter>
    </ClInclude>
    <ClInclude Include="CallBack.h">
      <Filter>Header Files\Box2D</Filter>
    </ClInclude>
    <ClInclude Include="JumpingTest.h">
      <Filter>Header Files\State</Filter>
    </ClInclude>
    <ClInclude Include="Camera.h">
      <Filter>Header Files</Filter>
    </ClInclude>
    <ClInclude Include="Shade.h">
      <Filter>Header Files\Entity</Filter>
    </ClInclude>
    <ClInclude Include="MainMenuState.h">
      <Filter>Header Files\State</Filter>
    </ClInclude>
    <ClInclude Include="BaseResolution.h">
      <Filter>Header Files</Filter>
    </ClInclude>
    <ClInclude Include="Overlay.h">
      <Filter>Header Files\Overlay</Filter>
    </ClInclude>
    <ClInclude Include="PuzzleState.h">
      <Filter>Header Files\State</Filter>
    </ClInclude>
    <ClInclude Include="MainMenu.h">
      <Filter>Header Files\Overlay\Menu</Filter>
    </ClInclude>
    <ClInclude Include="Menu.h">
      <Filter>Header Files\Overlay\Menu</Filter>
    </ClInclude>
    <ClInclude Include="AnimatedBackgroundImage.h">
      <Filter>Header Files\Animation</Filter>
    </ClInclude>
    <ClInclude Include="AnimatedSprite.h">
      <Filter>Header Files\Animation</Filter>
    </ClInclude>
    <ClInclude Include="Animation.h">
      <Filter>Header Files\Animation</Filter>
    </ClInclude>
    <ClInclude Include="SpriteSheet.h">
      <Filter>Header Files\Animation</Filter>
    </ClInclude>
    <ClInclude Include="PuzzleRing.h">
      <Filter>Header Files</Filter>
    </ClInclude>
    <ClInclude Include="Button.h">
      <Filter>Header Files\Overlay\Menu</Filter>
    </ClInclude>
    <ClInclude Include="DialogueOverlay.h">
      <Filter>Header Files\Overlay</Filter>
    </ClInclude>
    <ClInclude Include="ShaderTestState.h">
      <Filter>Header Files\State</Filter>
    </ClInclude>
    <ClInclude Include="LightSource.h">
      <Filter>Header Files</Filter>
    </ClInclude>
    <ClInclude Include="resource.h">
    </ClInclude>
    <ClInclude Include="LightSolver.h">
      <Filter>Header Files</Filter>
    </ClInclude>
  </ItemGroup>
  <ItemGroup>
    <None Include="Libraries\SFML TmxLoader\lib\zlib\lib\zlib.def">
      <Filter>Source Files\Libraries\Zlib</Filter>
    </None>
  </ItemGroup>
</Project>